
Microsoft Visual Studio Solution File, Format Version 12.00
# Visual Studio Version 17
VisualStudioVersion = 17.5.002.0
MinimumVisualStudioVersion = 10.0.40219.1
Project("{2150E333-8FDC-42A3-9474-1A3956D46DE8}") = "PracticeABC", "PracticeABC", "{E290B2E5-08F3-41A8-B2B7-8D34FBD3A8B5}"
EndProject
Project("{9A19103F-16F7-4668-BE54-9A1E7A4F7556}") = "Client", "PracticeABC\Client\Client.csproj", "{FD068E7A-AF7F-4709-9C37-DFBF67ABDCE1}"
EndProject
Project("{9A19103F-16F7-4668-BE54-9A1E7A4F7556}") = "PracticeA", "PracticeABC\Server\PracticeA.csproj", "{D282FBD3-68F0-4087-8B99-D64F9DA58D5F}"
EndProject
Global
	GlobalSection(SolutionConfigurationPlatforms) = preSolution
		Debug|Any CPU = Debug|Any CPU
		Release|Any CPU = Release|Any CPU
	EndGlobalSection
	GlobalSection(ProjectConfigurationPlatforms) = postSolution
		{FD068E7A-AF7F-4709-9C37-DFBF67ABDCE1}.Debug|Any CPU.ActiveCfg = Debug|Any CPU
		{FD068E7A-AF7F-4709-9C37-DFBF67ABDCE1}.Debug|Any CPU.Build.0 = Debug|Any CPU
		{FD068E7A-AF7F-4709-9C37-DFBF67ABDCE1}.Release|Any CPU.ActiveCfg = Release|Any CPU
		{FD068E7A-AF7F-4709-9C37-DFBF67ABDCE1}.Release|Any CPU.Build.0 = Release|Any CPU
		{D282FBD3-68F0-4087-8B99-D64F9DA58D5F}.Debug|Any CPU.ActiveCfg = Debug|Any CPU
		{D282FBD3-68F0-4087-8B99-D64F9DA58D5F}.Debug|Any CPU.Build.0 = Debug|Any CPU
		{D282FBD3-68F0-4087-8B99-D64F9DA58D5F}.Release|Any CPU.ActiveCfg = Release|Any CPU
		{D282FBD3-68F0-4087-8B99-D64F9DA58D5F}.Release|Any CPU.Build.0 = Release|Any CPU
	EndGlobalSection
	GlobalSection(SolutionProperties) = preSolution
		HideSolutionNode = FALSE
	EndGlobalSection
	GlobalSection(NestedProjects) = preSolution
		{FD068E7A-AF7F-4709-9C37-DFBF67ABDCE1} = {E290B2E5-08F3-41A8-B2B7-8D34FBD3A8B5}
		{D282FBD3-68F0-4087-8B99-D64F9DA58D5F} = {E290B2E5-08F3-41A8-B2B7-8D34FBD3A8B5}
	EndGlobalSection
	GlobalSection(ExtensibilityGlobals) = postSolution
		SolutionGuid = {421A9A0F-3705-471E-8EFA-C5F3D647050A}
	EndGlobalSection
EndGlobal
