
Microsoft Visual Studio Solution File, Format Version 12.00
# Visual Studio Version 17
VisualStudioVersion = 17.5.002.0
MinimumVisualStudioVersion = 10.0.40219.1
Project("{2150E333-8FDC-42A3-9474-1A3956D46DE8}") = "PracticeA-B", "PracticeA-B", "{F9C84155-EA73-45F8-94EB-79590F87EC86}"
EndProject
Project("{9A19103F-16F7-4668-BE54-9A1E7A4F7556}") = "LessonProject", "PracticeA-B\LessonProject\LessonProject.csproj", "{55F064FF-50C6-4607-BEC9-135F945648FC}"
EndProject
Global
	GlobalSection(SolutionConfigurationPlatforms) = preSolution
		Debug|Any CPU = Debug|Any CPU
		Release|Any CPU = Release|Any CPU
	EndGlobalSection
	GlobalSection(ProjectConfigurationPlatforms) = postSolution
		{55F064FF-50C6-4607-BEC9-135F945648FC}.Debug|Any CPU.ActiveCfg = Debug|Any CPU
		{55F064FF-50C6-4607-BEC9-135F945648FC}.Debug|Any CPU.Build.0 = Debug|Any CPU
		{55F064FF-50C6-4607-BEC9-135F945648FC}.Release|Any CPU.ActiveCfg = Release|Any CPU
		{55F064FF-50C6-4607-BEC9-135F945648FC}.Release|Any CPU.Build.0 = Release|Any CPU
	EndGlobalSection
	GlobalSection(SolutionProperties) = preSolution
		HideSolutionNode = FALSE
	EndGlobalSection
	GlobalSection(NestedProjects) = preSolution
		{55F064FF-50C6-4607-BEC9-135F945648FC} = {F9C84155-EA73-45F8-94EB-79590F87EC86}
	EndGlobalSection
	GlobalSection(ExtensibilityGlobals) = postSolution
		SolutionGuid = {F3DE1D59-2A19-4557-B244-3C75AEF52204}
	EndGlobalSection
EndGlobal
