
Microsoft Visual Studio Solution File, Format Version 12.00
# Visual Studio Version 17
VisualStudioVersion = 17.5.002.0
MinimumVisualStudioVersion = 10.0.40219.1
Project("{9A19103F-16F7-4668-BE54-9A1E7A4F7556}") = "PracticeA", "PracticeA\PracticeA.csproj", "{D0917ECA-7463-4D94-A6FC-5D0EC79F7106}"
EndProject
Project("{9A19103F-16F7-4668-BE54-9A1E7A4F7556}") = "PracticeBC", "PracticeBC\PracticeBC.csproj", "{180930BB-ADBB-498C-B9B2-5F70C0D78FE2}"
EndProject
Global
	GlobalSection(SolutionConfigurationPlatforms) = preSolution
		Debug|Any CPU = Debug|Any CPU
		Release|Any CPU = Release|Any CPU
	EndGlobalSection
	GlobalSection(ProjectConfigurationPlatforms) = postSolution
		{D0917ECA-7463-4D94-A6FC-5D0EC79F7106}.Debug|Any CPU.ActiveCfg = Debug|Any CPU
		{D0917ECA-7463-4D94-A6FC-5D0EC79F7106}.Debug|Any CPU.Build.0 = Debug|Any CPU
		{D0917ECA-7463-4D94-A6FC-5D0EC79F7106}.Release|Any CPU.ActiveCfg = Release|Any CPU
		{D0917ECA-7463-4D94-A6FC-5D0EC79F7106}.Release|Any CPU.Build.0 = Release|Any CPU
		{180930BB-ADBB-498C-B9B2-5F70C0D78FE2}.Debug|Any CPU.ActiveCfg = Debug|Any CPU
		{180930BB-ADBB-498C-B9B2-5F70C0D78FE2}.Debug|Any CPU.Build.0 = Debug|Any CPU
		{180930BB-ADBB-498C-B9B2-5F70C0D78FE2}.Release|Any CPU.ActiveCfg = Release|Any CPU
		{180930BB-ADBB-498C-B9B2-5F70C0D78FE2}.Release|Any CPU.Build.0 = Release|Any CPU
	EndGlobalSection
	GlobalSection(SolutionProperties) = preSolution
		HideSolutionNode = FALSE
	EndGlobalSection
	GlobalSection(ExtensibilityGlobals) = postSolution
		SolutionGuid = {741611AE-22F0-410A-97CD-2CADD5666E13}
	EndGlobalSection
EndGlobal
