
Microsoft Visual Studio Solution File, Format Version 12.00
# Visual Studio Version 17
VisualStudioVersion = 17.5.002.0
MinimumVisualStudioVersion = 10.0.40219.1
Project("{9A19103F-16F7-4668-BE54-9A1E7A4F7556}") = "PracticeABC", "PracticeABC.csproj", "{852FE3CF-8983-4367-B087-DA33FFB1A96E}"
EndProject
Global
	GlobalSection(SolutionConfigurationPlatforms) = preSolution
		Debug|Any CPU = Debug|Any CPU
		Release|Any CPU = Release|Any CPU
	EndGlobalSection
	GlobalSection(ProjectConfigurationPlatforms) = postSolution
		{852FE3CF-8983-4367-B087-DA33FFB1A96E}.Debug|Any CPU.ActiveCfg = Debug|Any CPU
		{852FE3CF-8983-4367-B087-DA33FFB1A96E}.Debug|Any CPU.Build.0 = Debug|Any CPU
		{852FE3CF-8983-4367-B087-DA33FFB1A96E}.Release|Any CPU.ActiveCfg = Release|Any CPU
		{852FE3CF-8983-4367-B087-DA33FFB1A96E}.Release|Any CPU.Build.0 = Release|Any CPU
	EndGlobalSection
	GlobalSection(SolutionProperties) = preSolution
		HideSolutionNode = FALSE
	EndGlobalSection
	GlobalSection(ExtensibilityGlobals) = postSolution
		SolutionGuid = {0C261A74-95E5-48AF-B120-0101B26AAB9F}
	EndGlobalSection
EndGlobal
