
Microsoft Visual Studio Solution File, Format Version 12.00
# Visual Studio Version 17
VisualStudioVersion = 17.13.35828.75 d17.13
MinimumVisualStudioVersion = 10.0.40219.1
Project("{FAE04EC0-301F-11D3-BF4B-00C04F79EFBC}") = "proekt", "proekt\proekt.csproj", "{29EEB849-C268-42CF-98FD-5B4F3AAF70C6}"
EndProject
Global
	GlobalSection(SolutionConfigurationPlatforms) = preSolution
		Debug|Any CPU = Debug|Any CPU
		Release|Any CPU = Release|Any CPU
	EndGlobalSection
	GlobalSection(ProjectConfigurationPlatforms) = postSolution
		{29EEB849-C268-42CF-98FD-5B4F3AAF70C6}.Debug|Any CPU.ActiveCfg = Debug|Any CPU
		{29EEB849-C268-42CF-98FD-5B4F3AAF70C6}.Debug|Any CPU.Build.0 = Debug|Any CPU
		{29EEB849-C268-42CF-98FD-5B4F3AAF70C6}.Release|Any CPU.ActiveCfg = Release|Any CPU
		{29EEB849-C268-42CF-98FD-5B4F3AAF70C6}.Release|Any CPU.Build.0 = Release|Any CPU
	EndGlobalSection
	GlobalSection(SolutionProperties) = preSolution
		HideSolutionNode = FALSE
	EndGlobalSection
	GlobalSection(ExtensibilityGlobals) = postSolution
		SolutionGuid = {075408BC-5297-4F74-9900-411AB6443D14}
	EndGlobalSection
EndGlobal
