
Microsoft Visual Studio Solution File, Format Version 12.00
# Visual Studio Version 17
VisualStudioVersion = 17.5.002.0
MinimumVisualStudioVersion = 10.0.40219.1
Project("{2150E333-8FDC-42A3-9474-1A3956D46DE8}") = "PracticeABC", "PracticeABC", "{251D141D-22E1-4FF0-879B-8821728B1F4E}"
EndProject
Project("{9A19103F-16F7-4668-BE54-9A1E7A4F7556}") = "Client", "PracticeABC\Client\Client.csproj", "{95B14446-C25F-47B4-A8FB-69C0B705F65D}"
EndProject
Project("{9A19103F-16F7-4668-BE54-9A1E7A4F7556}") = "PracticeA", "PracticeABC\Server\PracticeA.csproj", "{64FCB1C4-4BC6-4C28-9C29-9911941DDE3B}"
EndProject
Global
	GlobalSection(SolutionConfigurationPlatforms) = preSolution
		Debug|Any CPU = Debug|Any CPU
		Release|Any CPU = Release|Any CPU
	EndGlobalSection
	GlobalSection(ProjectConfigurationPlatforms) = postSolution
		{95B14446-C25F-47B4-A8FB-69C0B705F65D}.Debug|Any CPU.ActiveCfg = Debug|Any CPU
		{95B14446-C25F-47B4-A8FB-69C0B705F65D}.Debug|Any CPU.Build.0 = Debug|Any CPU
		{95B14446-C25F-47B4-A8FB-69C0B705F65D}.Release|Any CPU.ActiveCfg = Release|Any CPU
		{95B14446-C25F-47B4-A8FB-69C0B705F65D}.Release|Any CPU.Build.0 = Release|Any CPU
		{64FCB1C4-4BC6-4C28-9C29-9911941DDE3B}.Debug|Any CPU.ActiveCfg = Debug|Any CPU
		{64FCB1C4-4BC6-4C28-9C29-9911941DDE3B}.Debug|Any CPU.Build.0 = Debug|Any CPU
		{64FCB1C4-4BC6-4C28-9C29-9911941DDE3B}.Release|Any CPU.ActiveCfg = Release|Any CPU
		{64FCB1C4-4BC6-4C28-9C29-9911941DDE3B}.Release|Any CPU.Build.0 = Release|Any CPU
	EndGlobalSection
	GlobalSection(SolutionProperties) = preSolution
		HideSolutionNode = FALSE
	EndGlobalSection
	GlobalSection(NestedProjects) = preSolution
		{95B14446-C25F-47B4-A8FB-69C0B705F65D} = {251D141D-22E1-4FF0-879B-8821728B1F4E}
		{64FCB1C4-4BC6-4C28-9C29-9911941DDE3B} = {251D141D-22E1-4FF0-879B-8821728B1F4E}
	EndGlobalSection
	GlobalSection(ExtensibilityGlobals) = postSolution
		SolutionGuid = {F11B3E0F-7417-4158-91A8-ADE399B31E61}
	EndGlobalSection
EndGlobal
